
Microsoft Visual Studio Solution File, Format Version 12.00
# Visual Studio 15
VisualStudioVersion = 15.0.27428.2037
MinimumVisualStudioVersion = 10.0.40219.1
Project("{FAE04EC0-301F-11D3-BF4B-00C04F79EFBC}") = "Software.Basico", "Software.Basico\Software.Basico.csproj", "{87D23941-60BD-44CF-B784-985F8FBF5FBD}"
EndProject
Global
	GlobalSection(SolutionConfigurationPlatforms) = preSolution
		Debug|Any CPU = Debug|Any CPU
		Release|Any CPU = Release|Any CPU
	EndGlobalSection
	GlobalSection(ProjectConfigurationPlatforms) = postSolution
		{87D23941-60BD-44CF-B784-985F8FBF5FBD}.Debug|Any CPU.ActiveCfg = Debug|Any CPU
		{87D23941-60BD-44CF-B784-985F8FBF5FBD}.Debug|Any CPU.Build.0 = Debug|Any CPU
		{87D23941-60BD-44CF-B784-985F8FBF5FBD}.Release|Any CPU.ActiveCfg = Release|Any CPU
		{87D23941-60BD-44CF-B784-985F8FBF5FBD}.Release|Any CPU.Build.0 = Release|Any CPU
	EndGlobalSection
	GlobalSection(SolutionProperties) = preSolution
		HideSolutionNode = FALSE
	EndGlobalSection
	GlobalSection(ExtensibilityGlobals) = postSolution
		SolutionGuid = {66B2932D-1F8D-4D5B-8D43-B248546F568B}
	EndGlobalSection
EndGlobal
